github.com/larsartmann/go-error-family v0.10.1 h1:lf1RNjpdK7k+tCzphkg5qRolAY76U8OGEc09ZsZ5S6A=
github.com/larsartmann/go-error-family v0.10.1/go.mod h1:SYSVwVMTkw2GcqXI4khjMYOg7ey39o8sh7rXC9LfNcY=
github.com/larsartmann/go-etag v0.4.0 h1:QsMgYKOgsE//KVXRW42KuVfKAlpYMek8OZVBfMKvt7M=
github.com/larsartmann/go-etag v0.4.0/go.mod h1:CzORLh9Ws2B8MWq5HLfdwqq7xUh9TLTG268sE/YwDcg=
