github.com/justinas/nosurf v1.2.0 h1:yMs1bSRrNiwXk4AS6n8vL2Ssgpb9CB25T/4xrixaK0s=
github.com/justinas/nosurf v1.2.0/go.mod h1:ALpWdSbuNGy2lZWtyXdjkYv4edL23oSEgfBT1gPJ5BQ=
github.com/larsartmann/go-error-family v0.10.1 h1:lf1RNjpdK7k+tCzphkg5qRolAY76U8OGEc09ZsZ5S6A=
github.com/larsartmann/go-error-family v0.10.1/go.mod h1:SYSVwVMTkw2GcqXI4khjMYOg7ey39o8sh7rXC9LfNcY=
github.com/larsartmann/go-etag/entitytag v0.6.0 h1:YM7Jl93ibYjBClycH/+hcLgna+KaZicyD2lWIRsbiyg=
github.com/larsartmann/go-etag/entitytag v0.6.0/go.mod h1:g9FENLhssbRTfvSJ2WfKKToNMYngm+W9k6C3NutO9Ok=
github.com/larsartmann/go-etag/server v0.6.0 h1:ohPi9d1AtSy4ByonsQc+bOl6uih8y3rBG1hmJ1QgI2I=
github.com/larsartmann/go-etag/server v0.6.0/go.mod h1:Pu6KzmjZuF3kVUkAfVUfpIOVfgT61oPt3XHgAIQ99ls=
golang.org/x/time v0.16.0 h1:vMb6ptszcQMkcwiRTAuNNU50gom6++Q/6gY2hDM6VDE=
golang.org/x/time v0.16.0/go.mod h1:rVKOqvZeKvrDKTQiAHJ7wmwP0RzleSphoEA9RcdLA0s=
